
Microsoft Visual Studio Solution File, Format Version 12.00
# Visual Studio Version 16
VisualStudioVersion = 16.0.30717.126
MinimumVisualStudioVersion = 10.0.40219.1
Project("{2150E333-8FDC-42A3-9474-1A3956D46DE8}") = "CS.Labs1", "CS.Labs1", "{E2F6B98B-B16F-4937-A97C-66AC64BE0F78}"
EndProject
Project("{FAE04EC0-301F-11D3-BF4B-00C04F79EFBC}") = "CS.Labs1.Task1", "CS.Labs1\CS.Labs1.Task1\CS.Labs1.Task1.csproj", "{A0F92C62-03A9-47BF-8166-A7E72CC5D3B3}"
EndProject
Project("{FAE04EC0-301F-11D3-BF4B-00C04F79EFBC}") = "CS.Labs1.Task4", "CS.Labs1\CS.Labs1.Task4\CS.Labs1.Task4.csproj", "{8E77E7B8-1D6F-4C88-8359-8F39C5DD5BFB}"
EndProject
Project("{FAE04EC0-301F-11D3-BF4B-00C04F79EFBC}") = "CS.Labs2.Task1", "CS.Labs2\CS.Labs2.Task1\CS.Labs2.Task1.csproj", "{32ACFD69-D22E-4FD7-BA00-FF416C811C71}"
EndProject
Project("{2150E333-8FDC-42A3-9474-1A3956D46DE8}") = "CS.Labs2", "CS.Labs2", "{15AA919B-2ABA-426C-95FA-0C2202863C7A}"
EndProject
Project("{2150E333-8FDC-42A3-9474-1A3956D46DE8}") = "CS.Labs3", "CS.Labs3", "{3F28C5F7-1375-4A13-92A8-5E526A90D49E}"
EndProject
Project("{FAE04EC0-301F-11D3-BF4B-00C04F79EFBC}") = "CS.Labs2.Task2", "CS.Labs2\CS.Labs2.Task2\CS.Labs2.Task2.csproj", "{17C58FAC-9FA4-445D-8F4A-0F884C8F2E5B}"
EndProject
Project("{FAE04EC0-301F-11D3-BF4B-00C04F79EFBC}") = "CS.Labs3.Task1", "CS.Labs3\CS.Labs3.Task1\CS.Labs3.Task1.csproj", "{7057B82A-75B2-42F1-848F-88E22CC0CE7F}"
EndProject
Project("{2150E333-8FDC-42A3-9474-1A3956D46DE8}") = "CS.Labs4", "CS.Labs4", "{7B1E1F52-E141-4218-81DC-E018A6571F6C}"
EndProject
Project("{FAE04EC0-301F-11D3-BF4B-00C04F79EFBC}") = "CS.Labs3.Task2", "CS.Labs3\CS.Labs3.Task2\CS.Labs3.Task2.csproj", "{3F8AC7B3-A7C3-4B6C-8117-4A41A9D36B28}"
EndProject
Project("{FAE04EC0-301F-11D3-BF4B-00C04F79EFBC}") = "CS.Labs3.Task3", "CS.Labs3\CS.Labs3.Task3\CS.Labs3.Task3.csproj", "{AF65230A-6B2C-44BC-BD07-96941A88C583}"
EndProject
Project("{FAE04EC0-301F-11D3-BF4B-00C04F79EFBC}") = "CS.Labs4.Task1", "CS.Labs4\CS.Labs4.Task1\CS.Labs4.Task1.csproj", "{54E015FF-B823-418D-81C3-8A4605DD0E0A}"
EndProject
Project("{2150E333-8FDC-42A3-9474-1A3956D46DE8}") = "CS.Labs5", "CS.Labs5", "{E5BB3231-D621-4B27-9840-C666788D38BC}"
EndProject
Project("{FAE04EC0-301F-11D3-BF4B-00C04F79EFBC}") = "CS.Labs5.Task1", "CS.Labs5\CS.Labs5.Task1\CS.Labs5.Task1.csproj", "{7808D588-33AA-491F-9C42-FD3F0D0A67A1}"
EndProject
Project("{FAE04EC0-301F-11D3-BF4B-00C04F79EFBC}") = "CS.Labs5.Task2", "CS.Labs5\CS.Labs5.Task2\CS.Labs5.Task2.csproj", "{C1A5CD25-4835-485C-8ABA-8396B291BDF9}"
EndProject
Project("{2150E333-8FDC-42A3-9474-1A3956D46DE8}") = "CS.Labs6", "CS.Labs6", "{7A8C6217-CBBF-4619-B5C3-5B7EFA90F177}"
EndProject
Project("{FAE04EC0-301F-11D3-BF4B-00C04F79EFBC}") = "CS.Labs6.Task1", "CS.Labs6\CS.Labs6.Task1\CS.Labs6.Task1.csproj", "{7805D005-2F33-4EA7-B70D-4E6FBEB7C4E3}"
EndProject
Project("{2150E333-8FDC-42A3-9474-1A3956D46DE8}") = "CS.Labs7", "CS.Labs7", "{B4C85293-307D-4CE1-9CD2-9302C3876101}"
EndProject
Project("{FAE04EC0-301F-11D3-BF4B-00C04F79EFBC}") = "CS.Labs7.Task1", "CS.Labs7\CS.Labs7.Task1\CS.Labs7.Task1.csproj", "{29131CBF-357D-4CC4-A9BB-EDFC3AF82462}"
EndProject
Project("{FAE04EC0-301F-11D3-BF4B-00C04F79EFBC}") = "CS.Labs7.Task2", "CS.Labs7\CS.Labs7.Task2\CS.Labs7.Task2.csproj", "{509A41D5-D974-4003-A99E-A2FABC86AC65}"
EndProject
Project("{FAE04EC0-301F-11D3-BF4B-00C04F79EFBC}") = "CS.Labs7.Task3", "CS.Labs7\CS.Labs7.Task3\CS.Labs7.Task3.csproj", "{016B6021-72C3-420F-8832-DE2B58BBF2E0}"
EndProject
Project("{FAE04EC0-301F-11D3-BF4B-00C04F79EFBC}") = "CS.Labs7.Task4", "CS.Labs7\CS.Labs7.Task4\CS.Labs7.Task4.csproj", "{E4B0A0B6-D48E-4B2C-BAC1-92BB8F7C5C93}"
EndProject
Project("{FAE04EC0-301F-11D3-BF4B-00C04F79EFBC}") = "CS.Labs7.Task5", "CS.Labs7\CS.Labs7.Task5\CS.Labs7.Task5.csproj", "{91BE1159-C3E6-4899-9FE6-7136FAE80E1B}"
EndProject
Project("{2150E333-8FDC-42A3-9474-1A3956D46DE8}") = "CS.Labs8", "CS.Labs8", "{C6E1D9AD-CF03-4536-A8EC-D9083EBA6CE4}"
EndProject
Project("{FAE04EC0-301F-11D3-BF4B-00C04F79EFBC}") = "CS.Labs8.Task1", "CS.Labs8\CS.Labs8.Task1\CS.Labs8.Task1.csproj", "{BE9E4B4D-934F-4BA7-8415-D3ABFF04E87B}"
EndProject
Project("{FAE04EC0-301F-11D3-BF4B-00C04F79EFBC}") = "CS.Labs8.Task2", "CS.Labs8\CS.Labs8.Task2\CS.Labs8.Task2.csproj", "{65A760B7-7F34-444A-A7DE-89B243B86AF3}"
EndProject
Project("{FAE04EC0-301F-11D3-BF4B-00C04F79EFBC}") = "CS.Labs8.Task3", "CS.Labs8\CS.Labs8.Task3\CS.Labs8.Task3.csproj", "{03B03FE3-B06C-4A21-A022-A5C1C1912004}"
EndProject
Project("{2150E333-8FDC-42A3-9474-1A3956D46DE8}") = "CS.Labs9", "CS.Labs9", "{0F70E89A-697D-4FE4-8248-39C711757FD9}"
EndProject
Project("{FAE04EC0-301F-11D3-BF4B-00C04F79EFBC}") = "CS.Labs9.Task1", "CS.Labs9\CS.Labs9.Task1\CS.Labs9.Task1.csproj", "{61053B81-7021-4C0A-BA3A-8A3E97A9DABD}"
EndProject
Global
	GlobalSection(SolutionConfigurationPlatforms) = preSolution
		Debug|Any CPU = Debug|Any CPU
		Release|Any CPU = Release|Any CPU
	EndGlobalSection
	GlobalSection(ProjectConfigurationPlatforms) = postSolution
		{A0F92C62-03A9-47BF-8166-A7E72CC5D3B3}.Debug|Any CPU.ActiveCfg = Debug|Any CPU
		{A0F92C62-03A9-47BF-8166-A7E72CC5D3B3}.Debug|Any CPU.Build.0 = Debug|Any CPU
		{A0F92C62-03A9-47BF-8166-A7E72CC5D3B3}.Release|Any CPU.ActiveCfg = Release|Any CPU
		{A0F92C62-03A9-47BF-8166-A7E72CC5D3B3}.Release|Any CPU.Build.0 = Release|Any CPU
		{8E77E7B8-1D6F-4C88-8359-8F39C5DD5BFB}.Debug|Any CPU.ActiveCfg = Debug|Any CPU
		{8E77E7B8-1D6F-4C88-8359-8F39C5DD5BFB}.Debug|Any CPU.Build.0 = Debug|Any CPU
		{8E77E7B8-1D6F-4C88-8359-8F39C5DD5BFB}.Release|Any CPU.ActiveCfg = Release|Any CPU
		{8E77E7B8-1D6F-4C88-8359-8F39C5DD5BFB}.Release|Any CPU.Build.0 = Release|Any CPU
		{32ACFD69-D22E-4FD7-BA00-FF416C811C71}.Debug|Any CPU.ActiveCfg = Debug|Any CPU
		{32ACFD69-D22E-4FD7-BA00-FF416C811C71}.Debug|Any CPU.Build.0 = Debug|Any CPU
		{32ACFD69-D22E-4FD7-BA00-FF416C811C71}.Release|Any CPU.ActiveCfg = Release|Any CPU
		{32ACFD69-D22E-4FD7-BA00-FF416C811C71}.Release|Any CPU.Build.0 = Release|Any CPU
		{17C58FAC-9FA4-445D-8F4A-0F884C8F2E5B}.Debug|Any CPU.ActiveCfg = Debug|Any CPU
		{17C58FAC-9FA4-445D-8F4A-0F884C8F2E5B}.Debug|Any CPU.Build.0 = Debug|Any CPU
		{17C58FAC-9FA4-445D-8F4A-0F884C8F2E5B}.Release|Any CPU.ActiveCfg = Release|Any CPU
		{17C58FAC-9FA4-445D-8F4A-0F884C8F2E5B}.Release|Any CPU.Build.0 = Release|Any CPU
		{7057B82A-75B2-42F1-848F-88E22CC0CE7F}.Debug|Any CPU.ActiveCfg = Debug|Any CPU
		{7057B82A-75B2-42F1-848F-88E22CC0CE7F}.Debug|Any CPU.Build.0 = Debug|Any CPU
		{7057B82A-75B2-42F1-848F-88E22CC0CE7F}.Release|Any CPU.ActiveCfg = Release|Any CPU
		{7057B82A-75B2-42F1-848F-88E22CC0CE7F}.Release|Any CPU.Build.0 = Release|Any CPU
		{3F8AC7B3-A7C3-4B6C-8117-4A41A9D36B28}.Debug|Any CPU.ActiveCfg = Debug|Any CPU
		{3F8AC7B3-A7C3-4B6C-8117-4A41A9D36B28}.Debug|Any CPU.Build.0 = Debug|Any CPU
		{3F8AC7B3-A7C3-4B6C-8117-4A41A9D36B28}.Release|Any CPU.ActiveCfg = Release|Any CPU
		{3F8AC7B3-A7C3-4B6C-8117-4A41A9D36B28}.Release|Any CPU.Build.0 = Release|Any CPU
		{AF65230A-6B2C-44BC-BD07-96941A88C583}.Debug|Any CPU.ActiveCfg = Debug|Any CPU
		{AF65230A-6B2C-44BC-BD07-96941A88C583}.Debug|Any CPU.Build.0 = Debug|Any CPU
		{AF65230A-6B2C-44BC-BD07-96941A88C583}.Release|Any CPU.ActiveCfg = Release|Any CPU
		{AF65230A-6B2C-44BC-BD07-96941A88C583}.Release|Any CPU.Build.0 = Release|Any CPU
		{54E015FF-B823-418D-81C3-8A4605DD0E0A}.Debug|Any CPU.ActiveCfg = Debug|Any CPU
		{54E015FF-B823-418D-81C3-8A4605DD0E0A}.Debug|Any CPU.Build.0 = Debug|Any CPU
		{54E015FF-B823-418D-81C3-8A4605DD0E0A}.Release|Any CPU.ActiveCfg = Release|Any CPU
		{54E015FF-B823-418D-81C3-8A4605DD0E0A}.Release|Any CPU.Build.0 = Release|Any CPU
		{7808D588-33AA-491F-9C42-FD3F0D0A67A1}.Debug|Any CPU.ActiveCfg = Debug|Any CPU
		{7808D588-33AA-491F-9C42-FD3F0D0A67A1}.Debug|Any CPU.Build.0 = Debug|Any CPU
		{7808D588-33AA-491F-9C42-FD3F0D0A67A1}.Release|Any CPU.ActiveCfg = Release|Any CPU
		{7808D588-33AA-491F-9C42-FD3F0D0A67A1}.Release|Any CPU.Build.0 = Release|Any CPU
		{C1A5CD25-4835-485C-8ABA-8396B291BDF9}.Debug|Any CPU.ActiveCfg = Debug|Any CPU
		{C1A5CD25-4835-485C-8ABA-8396B291BDF9}.Debug|Any CPU.Build.0 = Debug|Any CPU
		{C1A5CD25-4835-485C-8ABA-8396B291BDF9}.Release|Any CPU.ActiveCfg = Release|Any CPU
		{C1A5CD25-4835-485C-8ABA-8396B291BDF9}.Release|Any CPU.Build.0 = Release|Any CPU
		{7805D005-2F33-4EA7-B70D-4E6FBEB7C4E3}.Debug|Any CPU.ActiveCfg = Debug|Any CPU
		{7805D005-2F33-4EA7-B70D-4E6FBEB7C4E3}.Debug|Any CPU.Build.0 = Debug|Any CPU
		{7805D005-2F33-4EA7-B70D-4E6FBEB7C4E3}.Release|Any CPU.ActiveCfg = Release|Any CPU
		{7805D005-2F33-4EA7-B70D-4E6FBEB7C4E3}.Release|Any CPU.Build.0 = Release|Any CPU
		{29131CBF-357D-4CC4-A9BB-EDFC3AF82462}.Debug|Any CPU.ActiveCfg = Debug|Any CPU
		{29131CBF-357D-4CC4-A9BB-EDFC3AF82462}.Debug|Any CPU.Build.0 = Debug|Any CPU
		{29131CBF-357D-4CC4-A9BB-EDFC3AF82462}.Release|Any CPU.ActiveCfg = Release|Any CPU
		{29131CBF-357D-4CC4-A9BB-EDFC3AF82462}.Release|Any CPU.Build.0 = Release|Any CPU
		{509A41D5-D974-4003-A99E-A2FABC86AC65}.Debug|Any CPU.ActiveCfg = Debug|Any CPU
		{509A41D5-D974-4003-A99E-A2FABC86AC65}.Debug|Any CPU.Build.0 = Debug|Any CPU
		{509A41D5-D974-4003-A99E-A2FABC86AC65}.Release|Any CPU.ActiveCfg = Release|Any CPU
		{509A41D5-D974-4003-A99E-A2FABC86AC65}.Release|Any CPU.Build.0 = Release|Any CPU
		{016B6021-72C3-420F-8832-DE2B58BBF2E0}.Debug|Any CPU.ActiveCfg = Debug|Any CPU
		{016B6021-72C3-420F-8832-DE2B58BBF2E0}.Debug|Any CPU.Build.0 = Debug|Any CPU
		{016B6021-72C3-420F-8832-DE2B58BBF2E0}.Release|Any CPU.ActiveCfg = Release|Any CPU
		{016B6021-72C3-420F-8832-DE2B58BBF2E0}.Release|Any CPU.Build.0 = Release|Any CPU
		{E4B0A0B6-D48E-4B2C-BAC1-92BB8F7C5C93}.Debug|Any CPU.ActiveCfg = Debug|Any CPU
		{E4B0A0B6-D48E-4B2C-BAC1-92BB8F7C5C93}.Debug|Any CPU.Build.0 = Debug|Any CPU
		{E4B0A0B6-D48E-4B2C-BAC1-92BB8F7C5C93}.Release|Any CPU.ActiveCfg = Release|Any CPU
		{E4B0A0B6-D48E-4B2C-BAC1-92BB8F7C5C93}.Release|Any CPU.Build.0 = Release|Any CPU
		{91BE1159-C3E6-4899-9FE6-7136FAE80E1B}.Debug|Any CPU.ActiveCfg = Debug|Any CPU
		{91BE1159-C3E6-4899-9FE6-7136FAE80E1B}.Debug|Any CPU.Build.0 = Debug|Any CPU
		{91BE1159-C3E6-4899-9FE6-7136FAE80E1B}.Release|Any CPU.ActiveCfg = Release|Any CPU
		{91BE1159-C3E6-4899-9FE6-7136FAE80E1B}.Release|Any CPU.Build.0 = Release|Any CPU
		{BE9E4B4D-934F-4BA7-8415-D3ABFF04E87B}.Debug|Any CPU.ActiveCfg = Debug|Any CPU
		{BE9E4B4D-934F-4BA7-8415-D3ABFF04E87B}.Debug|Any CPU.Build.0 = Debug|Any CPU
		{BE9E4B4D-934F-4BA7-8415-D3ABFF04E87B}.Release|Any CPU.ActiveCfg = Release|Any CPU
		{BE9E4B4D-934F-4BA7-8415-D3ABFF04E87B}.Release|Any CPU.Build.0 = Release|Any CPU
		{65A760B7-7F34-444A-A7DE-89B243B86AF3}.Debug|Any CPU.ActiveCfg = Debug|Any CPU
		{65A760B7-7F34-444A-A7DE-89B243B86AF3}.Debug|Any CPU.Build.0 = Debug|Any CPU
		{65A760B7-7F34-444A-A7DE-89B243B86AF3}.Release|Any CPU.ActiveCfg = Release|Any CPU
		{65A760B7-7F34-444A-A7DE-89B243B86AF3}.Release|Any CPU.Build.0 = Release|Any CPU
		{03B03FE3-B06C-4A21-A022-A5C1C1912004}.Debug|Any CPU.ActiveCfg = Debug|Any CPU
		{03B03FE3-B06C-4A21-A022-A5C1C1912004}.Debug|Any CPU.Build.0 = Debug|Any CPU
		{03B03FE3-B06C-4A21-A022-A5C1C1912004}.Release|Any CPU.ActiveCfg = Release|Any CPU
		{03B03FE3-B06C-4A21-A022-A5C1C1912004}.Release|Any CPU.Build.0 = Release|Any CPU
		{61053B81-7021-4C0A-BA3A-8A3E97A9DABD}.Debug|Any CPU.ActiveCfg = Debug|Any CPU
		{61053B81-7021-4C0A-BA3A-8A3E97A9DABD}.Debug|Any CPU.Build.0 = Debug|Any CPU
		{61053B81-7021-4C0A-BA3A-8A3E97A9DABD}.Release|Any CPU.ActiveCfg = Release|Any CPU
		{61053B81-7021-4C0A-BA3A-8A3E97A9DABD}.Release|Any CPU.Build.0 = Release|Any CPU
	EndGlobalSection
	GlobalSection(SolutionProperties) = preSolution
		HideSolutionNode = FALSE
	EndGlobalSection
	GlobalSection(NestedProjects) = preSolution
		{A0F92C62-03A9-47BF-8166-A7E72CC5D3B3} = {E2F6B98B-B16F-4937-A97C-66AC64BE0F78}
		{8E77E7B8-1D6F-4C88-8359-8F39C5DD5BFB} = {E2F6B98B-B16F-4937-A97C-66AC64BE0F78}
		{32ACFD69-D22E-4FD7-BA00-FF416C811C71} = {15AA919B-2ABA-426C-95FA-0C2202863C7A}
		{17C58FAC-9FA4-445D-8F4A-0F884C8F2E5B} = {15AA919B-2ABA-426C-95FA-0C2202863C7A}
		{7057B82A-75B2-42F1-848F-88E22CC0CE7F} = {3F28C5F7-1375-4A13-92A8-5E526A90D49E}
		{3F8AC7B3-A7C3-4B6C-8117-4A41A9D36B28} = {3F28C5F7-1375-4A13-92A8-5E526A90D49E}
		{AF65230A-6B2C-44BC-BD07-96941A88C583} = {3F28C5F7-1375-4A13-92A8-5E526A90D49E}
		{54E015FF-B823-418D-81C3-8A4605DD0E0A} = {7B1E1F52-E141-4218-81DC-E018A6571F6C}
		{7808D588-33AA-491F-9C42-FD3F0D0A67A1} = {E5BB3231-D621-4B27-9840-C666788D38BC}
		{C1A5CD25-4835-485C-8ABA-8396B291BDF9} = {E5BB3231-D621-4B27-9840-C666788D38BC}
		{7805D005-2F33-4EA7-B70D-4E6FBEB7C4E3} = {7A8C6217-CBBF-4619-B5C3-5B7EFA90F177}
		{29131CBF-357D-4CC4-A9BB-EDFC3AF82462} = {B4C85293-307D-4CE1-9CD2-9302C3876101}
		{509A41D5-D974-4003-A99E-A2FABC86AC65} = {B4C85293-307D-4CE1-9CD2-9302C3876101}
		{016B6021-72C3-420F-8832-DE2B58BBF2E0} = {B4C85293-307D-4CE1-9CD2-9302C3876101}
		{E4B0A0B6-D48E-4B2C-BAC1-92BB8F7C5C93} = {B4C85293-307D-4CE1-9CD2-9302C3876101}
		{91BE1159-C3E6-4899-9FE6-7136FAE80E1B} = {B4C85293-307D-4CE1-9CD2-9302C3876101}
		{BE9E4B4D-934F-4BA7-8415-D3ABFF04E87B} = {C6E1D9AD-CF03-4536-A8EC-D9083EBA6CE4}
		{65A760B7-7F34-444A-A7DE-89B243B86AF3} = {C6E1D9AD-CF03-4536-A8EC-D9083EBA6CE4}
		{03B03FE3-B06C-4A21-A022-A5C1C1912004} = {C6E1D9AD-CF03-4536-A8EC-D9083EBA6CE4}
		{61053B81-7021-4C0A-BA3A-8A3E97A9DABD} = {0F70E89A-697D-4FE4-8248-39C711757FD9}
	EndGlobalSection
	GlobalSection(ExtensibilityGlobals) = postSolution
		SolutionGuid = {4362F27B-8781-47C9-9113-47803BB7B665}
	EndGlobalSection
EndGlobal
